// !$*UTF8*$!
{
	archiveVersion = 1;
	classes = {
	};
	objectVersion = 56;
	objects = {

/* Begin PBXBuildFile section */
		2EAE129302DF8AE9D8FA8002 /* Pods_Messenger.framework in Frameworks */ = {isa = PBXBuildFile; fileRef = 54361F1E4D647A0878880A9A /* Pods_Messenger.framework */; };
		D014B1042BE02844004196B6 /* AppDelegate.swift in Sources */ = {isa = PBXBuildFile; fileRef = D014B1032BE02844004196B6 /* AppDelegate.swift */; };
		D014B1062BE02844004196B6 /* SceneDelegate.swift in Sources */ = {isa = PBXBuildFile; fileRef = D014B1052BE02844004196B6 /* SceneDelegate.swift */; };
		D014B1082BE02844004196B6 /* ConversationsViewController.swift in Sources */ = {isa = PBXBuildFile; fileRef = D014B1072BE02844004196B6 /* ConversationsViewController.swift */; };
		D014B10B2BE02844004196B6 /* Base in Resources */ = {isa = PBXBuildFile; fileRef = D014B10A2BE02844004196B6 /* Base */; };
		D014B10D2BE02846004196B6 /* Assets.xcassets in Resources */ = {isa = PBXBuildFile; fileRef = D014B10C2BE02846004196B6 /* Assets.xcassets */; };
		D014B1102BE02846004196B6 /* Base in Resources */ = {isa = PBXBuildFile; fileRef = D014B10F2BE02846004196B6 /* Base */; };
		D014B11E2BE02FF7004196B6 /* LoginViewController.swift in Sources */ = {isa = PBXBuildFile; fileRef = D014B11D2BE02FF7004196B6 /* LoginViewController.swift */; };
		D014B1202BE03007004196B6 /* RegisterViewController.swift in Sources */ = {isa = PBXBuildFile; fileRef = D014B11F2BE03007004196B6 /* RegisterViewController.swift */; };
		D014B1222BE03029004196B6 /* PhotoViewerViewController.swift in Sources */ = {isa = PBXBuildFile; fileRef = D014B1212BE03029004196B6 /* PhotoViewerViewController.swift */; };
		D014B1242BE03037004196B6 /* VideoPlayerViewController.swift in Sources */ = {isa = PBXBuildFile; fileRef = D014B1232BE03037004196B6 /* VideoPlayerViewController.swift */; };
		D014B1272BE0305E004196B6 /* NewConversationViewController.swift in Sources */ = {isa = PBXBuildFile; fileRef = D014B1262BE0305E004196B6 /* NewConversationViewController.swift */; };
		D014B1292BE03077004196B6 /* ProfileViewController.swift in Sources */ = {isa = PBXBuildFile; fileRef = D014B1282BE03077004196B6 /* ProfileViewController.swift */; };
		D014B12C2BE29C4B004196B6 /* Extensions.swift in Sources */ = {isa = PBXBuildFile; fileRef = D014B12B2BE29C4B004196B6 /* Extensions.swift */; };
		D014B1312BE4BBFA004196B6 /* GoogleService-Info.plist in Resources */ = {isa = PBXBuildFile; fileRef = D014B1302BE4BBFA004196B6 /* GoogleService-Info.plist */; };
		D014B1332BE6898E004196B6 /* DatabaseManager.swift in Sources */ = {isa = PBXBuildFile; fileRef = D014B1322BE6898E004196B6 /* DatabaseManager.swift */; };
/* End PBXBuildFile section */

/* Begin PBXFileReference section */
		54361F1E4D647A0878880A9A /* Pods_Messenger.framework */ = {isa = PBXFileReference; explicitFileType = wrapper.framework; includeInIndex = 0; path = Pods_Messenger.framework; sourceTree = BUILT_PRODUCTS_DIR; };
		5472931C0D5EB65DCD826233 /* Pods-Messenger.release.xcconfig */ = {isa = PBXFileReference; includeInIndex = 1; lastKnownFileType = text.xcconfig; name = "Pods-Messenger.release.xcconfig"; path = "Target Support Files/Pods-Messenger/Pods-Messenger.release.xcconfig"; sourceTree = "<group>"; };
		C6EA69F4266DC572326D98D7 /* Pods-Messenger.debug.xcconfig */ = {isa = PBXFileReference; includeInIndex = 1; lastKnownFileType = text.xcconfig; name = "Pods-Messenger.debug.xcconfig"; path = "Target Support Files/Pods-Messenger/Pods-Messenger.debug.xcconfig"; sourceTree = "<group>"; };
		D014B1002BE02844004196B6 /* Messenger.app */ = {isa = PBXFileReference; explicitFileType = wrapper.application; includeInIndex = 0; path = Messenger.app; sourceTree = BUILT_PRODUCTS_DIR; };
		D014B1032BE02844004196B6 /* AppDelegate.swift */ = {isa = PBXFileReference; lastKnownFileType = sourcecode.swift; path = AppDelegate.swift; sourceTree = "<group>"; };
		D014B1052BE02844004196B6 /* SceneDelegate.swift */ = {isa = PBXFileReference; lastKnownFileType = sourcecode.swift; path = SceneDelegate.swift; sourceTree = "<group>"; };
		D014B1072BE02844004196B6 /* ConversationsViewController.swift */ = {isa = PBXFileReference; lastKnownFileType = sourcecode.swift; path = ConversationsViewController.swift; sourceTree = "<group>"; };
		D014B10A2BE02844004196B6 /* Base */ = {isa = PBXFileReference; lastKnownFileType = file.storyboard; name = Base; path = Base.lproj/Main.storyboard; sourceTree = "<group>"; };
		D014B10C2BE02846004196B6 /* Assets.xcassets */ = {isa = PBXFileReference; lastKnownFileType = folder.assetcatalog; path = Assets.xcassets; sourceTree = "<group>"; };
		D014B10F2BE02846004196B6 /* Base */ = {isa = PBXFileReference; lastKnownFileType = file.storyboard; name = Base; path = Base.lproj/LaunchScreen.storyboard; sourceTree = "<group>"; };
		D014B1112BE02846004196B6 /* Info.plist */ = {isa = PBXFileReference; lastKnownFileType = text.plist.xml; path = Info.plist; sourceTree = "<group>"; };
		D014B11D2BE02FF7004196B6 /* LoginViewController.swift */ = {isa = PBXFileReference; lastKnownFileType = sourcecode.swift; path = LoginViewController.swift; sourceTree = "<group>"; };
		D014B11F2BE03007004196B6 /* RegisterViewController.swift */ = {isa = PBXFileReference; lastKnownFileType = sourcecode.swift; path = RegisterViewController.swift; sourceTree = "<group>"; };
		D014B1212BE03029004196B6 /* PhotoViewerViewController.swift */ = {isa = PBXFileReference; lastKnownFileType = sourcecode.swift; path = PhotoViewerViewController.swift; sourceTree = "<group>"; };
		D014B1232BE03037004196B6 /* VideoPlayerViewController.swift */ = {isa = PBXFileReference; lastKnownFileType = sourcecode.swift; path = VideoPlayerViewController.swift; sourceTree = "<group>"; };
		D014B1262BE0305E004196B6 /* NewConversationViewController.swift */ = {isa = PBXFileReference; lastKnownFileType = sourcecode.swift; path = NewConversationViewController.swift; sourceTree = "<group>"; };
		D014B1282BE03077004196B6 /* ProfileViewController.swift */ = {isa = PBXFileReference; lastKnownFileType = sourcecode.swift; path = ProfileViewController.swift; sourceTree = "<group>"; };
		D014B12B2BE29C4B004196B6 /* Extensions.swift */ = {isa = PBXFileReference; lastKnownFileType = sourcecode.swift; path = Extensions.swift; sourceTree = "<group>"; };
		D014B1302BE4BBFA004196B6 /* GoogleService-Info.plist */ = {isa = PBXFileReference; fileEncoding = 4; lastKnownFileType = text.plist.xml; name = "GoogleService-Info.plist"; path = "../../../Downloads/GoogleService-Info.plist"; sourceTree = "<group>"; };
		D014B1322BE6898E004196B6 /* DatabaseManager.swift */ = {isa = PBXFileReference; lastKnownFileType = sourcecode.swift; path = DatabaseManager.swift; sourceTree = "<group>"; };
/* End PBXFileReference section */

/* Begin PBXFrameworksBuildPhase section */
		D014B0FD2BE02844004196B6 /* Frameworks */ = {
			isa = PBXFrameworksBuildPhase;
			buildActionMask = 2147483647;
			files = (
				2EAE129302DF8AE9D8FA8002 /* Pods_Messenger.framework in Frameworks */,
			);
			runOnlyForDeploymentPostprocessing = 0;
		};
/* End PBXFrameworksBuildPhase section */

/* Begin PBXGroup section */
		D014B0F72BE02844004196B6 = {
			isa = PBXGroup;
			children = (
				D014B1022BE02844004196B6 /* Messenger */,
				D014B1012BE02844004196B6 /* Products */,
				E3A93B775C5A3E7FEA0678D4 /* Pods */,
				D2F331BA872EDC9884A639FA /* Frameworks */,
			);
			sourceTree = "<group>";
		};
		D014B1012BE02844004196B6 /* Products */ = {
			isa = PBXGroup;
			children = (
				D014B1002BE02844004196B6 /* Messenger.app */,
			);
			name = Products;
			sourceTree = "<group>";
		};
		D014B1022BE02844004196B6 /* Messenger */ = {
			isa = PBXGroup;
			children = (
				D014B1302BE4BBFA004196B6 /* GoogleService-Info.plist */,
				D014B11B2BE02E25004196B6 /* Resources */,
				D014B11A2BE02E1A004196B6 /* ViewModels */,
				D014B1192BE02E11004196B6 /* Models */,
				D014B1182BE02E08004196B6 /* Views */,
				D014B1172BE02DFE004196B6 /* Controllers */,
				D014B1112BE02846004196B6 /* Info.plist */,
			);
			path = Messenger;
			sourceTree = "<group>";
		};
		D014B1172BE02DFE004196B6 /* Controllers */ = {
			isa = PBXGroup;
			children = (
				D014B1072BE02844004196B6 /* ConversationsViewController.swift */,
				D014B12A2BE294AC004196B6 /* Login */,
				D014B1212BE03029004196B6 /* PhotoViewerViewController.swift */,
				D014B1232BE03037004196B6 /* VideoPlayerViewController.swift */,
				D014B1262BE0305E004196B6 /* NewConversationViewController.swift */,
				D014B1282BE03077004196B6 /* ProfileViewController.swift */,
			);
			path = Controllers;
			sourceTree = "<group>";
		};
		D014B1182BE02E08004196B6 /* Views */ = {
			isa = PBXGroup;
			children = (
				D014B11C2BE02E5A004196B6 /* Storyboards */,
				D014B10C2BE02846004196B6 /* Assets.xcassets */,
			);
			path = Views;
			sourceTree = "<group>";
		};
		D014B1192BE02E11004196B6 /* Models */ = {
			isa = PBXGroup;
			children = (
			);
			path = Models;
			sourceTree = "<group>";
		};
		D014B11A2BE02E1A004196B6 /* ViewModels */ = {
			isa = PBXGroup;
			children = (
			);
			path = ViewModels;
			sourceTree = "<group>";
		};
		D014B11B2BE02E25004196B6 /* Resources */ = {
			isa = PBXGroup;
			children = (
				D014B1032BE02844004196B6 /* AppDelegate.swift */,
				D014B1052BE02844004196B6 /* SceneDelegate.swift */,
				D014B12B2BE29C4B004196B6 /* Extensions.swift */,
				D014B1322BE6898E004196B6 /* DatabaseManager.swift */,
			);
			path = Resources;
			sourceTree = "<group>";
		};
		D014B11C2BE02E5A004196B6 /* Storyboards */ = {
			isa = PBXGroup;
			children = (
				D014B1092BE02844004196B6 /* Main.storyboard */,
				D014B10E2BE02846004196B6 /* LaunchScreen.storyboard */,
			);
			path = Storyboards;
			sourceTree = "<group>";
		};
		D014B12A2BE294AC004196B6 /* Login */ = {
			isa = PBXGroup;
			children = (
				D014B11D2BE02FF7004196B6 /* LoginViewController.swift */,
				D014B11F2BE03007004196B6 /* RegisterViewController.swift */,
			);
			path = Login;
			sourceTree = "<group>";
		};
		D2F331BA872EDC9884A639FA /* Frameworks */ = {
			isa = PBXGroup;
			children = (
				54361F1E4D647A0878880A9A /* Pods_Messenger.framework */,
			);
			name = Frameworks;
			sourceTree = "<group>";
		};
		E3A93B775C5A3E7FEA0678D4 /* Pods */ = {
			isa = PBXGroup;
			children = (
				C6EA69F4266DC572326D98D7 /* Pods-Messenger.debug.xcconfig */,
				5472931C0D5EB65DCD826233 /* Pods-Messenger.release.xcconfig */,
			);
			path = Pods;
			sourceTree = "<group>";
		};
/* End PBXGroup section */

/* Begin PBXNativeTarget section */
		D014B0FF2BE02844004196B6 /* Messenger */ = {
			isa = PBXNativeTarget;
			buildConfigurationList = D014B1142BE02846004196B6 /* Build configuration list for PBXNativeTarget "Messenger" */;
			buildPhases = (
				8D82C59D57F410928CC9E26D /* [CP] Check Pods Manifest.lock */,
				D014B0FC2BE02844004196B6 /* Sources */,
				D014B0FD2BE02844004196B6 /* Frameworks */,
				D014B0FE2BE02844004196B6 /* Resources */,
				EE49B06D8EDAE801B48FA651 /* [CP] Embed Pods Frameworks */,
			);
			buildRules = (
			);
			dependencies = (
			);
			name = Messenger;
			productName = Messenger;
			productReference = D014B1002BE02844004196B6 /* Messenger.app */;
			productType = "com.apple.product-type.application";
		};
/* End PBXNativeTarget section */

/* Begin PBXProject section */
		D014B0F82BE02844004196B6 /* Project object */ = {
			isa = PBXProject;
			attributes = {
				BuildIndependentTargetsInParallel = 1;
				LastSwiftUpdateCheck = 1530;
				LastUpgradeCheck = 1530;
				TargetAttributes = {
					D014B0FF2BE02844004196B6 = {
						CreatedOnToolsVersion = 15.3;
					};
				};
			};
			buildConfigurationList = D014B0FB2BE02844004196B6 /* Build configuration list for PBXProject "Messenger" */;
			compatibilityVersion = "Xcode 14.0";
			developmentRegion = en;
			hasScannedForEncodings = 0;
			knownRegions = (
				en,
				Base,
			);
			mainGroup = D014B0F72BE02844004196B6;
			productRefGroup = D014B1012BE02844004196B6 /* Products */;
			projectDirPath = "";
			projectRoot = "";
			targets = (
				D014B0FF2BE02844004196B6 /* Messenger */,
			);
		};
/* End PBXProject section */

/* Begin PBXResourcesBuildPhase section */
		D014B0FE2BE02844004196B6 /* Resources */ = {
			isa = PBXResourcesBuildPhase;
			buildActionMask = 2147483647;
			files = (
				D014B10D2BE02846004196B6 /* Assets.xcassets in Resources */,
				D014B1312BE4BBFA004196B6 /* GoogleService-Info.plist in Resources */,
				D014B1102BE02846004196B6 /* Base in Resources */,
				D014B10B2BE02844004196B6 /* Base in Resources */,
			);
			runOnlyForDeploymentPostprocessing = 0;
		};
/* End PBXResourcesBuildPhase section */

/* Begin PBXShellScriptBuildPhase section */
		8D82C59D57F410928CC9E26D /* [CP] Check Pods Manifest.lock */ = {
			isa = PBXShellScriptBuildPhase;
			buildActionMask = 2147483647;
			files = (
			);
			inputFileListPaths = (
			);
			inputPaths = (
				"${PODS_PODFILE_DIR_PATH}/Podfile.lock",
				"${PODS_ROOT}/Manifest.lock",
			);
			name = "[CP] Check Pods Manifest.lock";
			outputFileListPaths = (
			);
			outputPaths = (
				"$(DERIVED_FILE_DIR)/Pods-Messenger-checkManifestLockResult.txt",
			);
			runOnlyForDeploymentPostprocessing = 0;
			shellPath = /bin/sh;
			shellScript = "diff \"${PODS_PODFILE_DIR_PATH}/Podfile.lock\" \"${PODS_ROOT}/Manifest.lock\" > /dev/null\nif [ $? != 0 ] ; then\n    # print error to STDERR\n    echo \"error: The sandbox is not in sync with the Podfile.lock. Run 'pod install' or update your CocoaPods installation.\" >&2\n    exit 1\nfi\n# This output is used by Xcode 'outputs' to avoid re-running this script phase.\necho \"SUCCESS\" > \"${SCRIPT_OUTPUT_FILE_0}\"\n";
			showEnvVarsInLog = 0;
		};
		EE49B06D8EDAE801B48FA651 /* [CP] Embed Pods Frameworks */ = {
			isa = PBXShellScriptBuildPhase;
			buildActionMask = 2147483647;
			files = (
			);
			inputFileListPaths = (
				"${PODS_ROOT}/Target Support Files/Pods-Messenger/Pods-Messenger-frameworks-${CONFIGURATION}-input-files.xcfilelist",
			);
			name = "[CP] Embed Pods Frameworks";
			outputFileListPaths = (
				"${PODS_ROOT}/Target Support Files/Pods-Messenger/Pods-Messenger-frameworks-${CONFIGURATION}-output-files.xcfilelist",
			);
			runOnlyForDeploymentPostprocessing = 0;
			shellPath = /bin/sh;
			shellScript = "\"${PODS_ROOT}/Target Support Files/Pods-Messenger/Pods-Messenger-frameworks.sh\"\n";
			showEnvVarsInLog = 0;
		};
/* End PBXShellScriptBuildPhase section */

/* Begin PBXSourcesBuildPhase section */
		D014B0FC2BE02844004196B6 /* Sources */ = {
			isa = PBXSourcesBuildPhase;
			buildActionMask = 2147483647;
			files = (
				D014B11E2BE02FF7004196B6 /* LoginViewController.swift in Sources */,
				D014B1332BE6898E004196B6 /* DatabaseManager.swift in Sources */,
				D014B1202BE03007004196B6 /* RegisterViewController.swift in Sources */,
				D014B1272BE0305E004196B6 /* NewConversationViewController.swift in Sources */,
				D014B1082BE02844004196B6 /* ConversationsViewController.swift in Sources */,
				D014B1242BE03037004196B6 /* VideoPlayerViewController.swift in Sources */,
				D014B12C2BE29C4B004196B6 /* Extensions.swift in Sources */,
				D014B1042BE02844004196B6 /* AppDelegate.swift in Sources */,
				D014B1292BE03077004196B6 /* ProfileViewController.swift in Sources */,
				D014B1062BE02844004196B6 /* SceneDelegate.swift in Sources */,
				D014B1222BE03029004196B6 /* PhotoViewerViewController.swift in Sources */,
			);
			runOnlyForDeploymentPostprocessing = 0;
		};
/* End PBXSourcesBuildPhase section */

/* Begin PBXVariantGroup section */
		D014B1092BE02844004196B6 /* Main.storyboard */ = {
			isa = PBXVariantGroup;
			children = (
				D014B10A2BE02844004196B6 /* Base */,
			);
			name = Main.storyboard;
			sourceTree = "<group>";
		};
		D014B10E2BE02846004196B6 /* LaunchScreen.storyboard */ = {
			isa = PBXVariantGroup;
			children = (
				D014B10F2BE02846004196B6 /* Base */,
			);
			name = LaunchScreen.storyboard;
			sourceTree = "<group>";
		};
/* End PBXVariantGroup section */

/* Begin XCBuildConfiguration section */
		D014B1122BE02846004196B6 /* Debug */ = {
			isa = XCBuildConfiguration;
			buildSettings = {
				ALWAYS_SEARCH_USER_PATHS = NO;
				ASSETCATALOG_COMPILER_GENERATE_SWIFT_ASSET_SYMBOL_EXTENSIONS = YES;
				CLANG_ANALYZER_NONNULL = YES;
				CLANG_ANALYZER_NUMBER_OBJECT_CONVERSION = YES_AGGRESSIVE;
				CLANG_CXX_LANGUAGE_STANDARD = "gnu++20";
				CLANG_ENABLE_MODULES = YES;
				CLANG_ENABLE_OBJC_ARC = YES;
				CLANG_ENABLE_OBJC_WEAK = YES;
				CLANG_WARN_BLOCK_CAPTURE_AUTORELEASING = YES;
				CLANG_WARN_BOOL_CONVERSION = YES;
				CLANG_WARN_COMMA = YES;
				CLANG_WARN_CONSTANT_CONVERSION = YES;
				CLANG_WARN_DEPRECATED_OBJC_IMPLEMENTATIONS = YES;
				CLANG_WARN_DIRECT_OBJC_ISA_USAGE = YES_ERROR;
				CLANG_WARN_DOCUMENTATION_COMMENTS = YES;
				CLANG_WARN_EMPTY_BODY = YES;
				CLANG_WARN_ENUM_CONVERSION = YES;
				CLANG_WARN_INFINITE_RECURSION = YES;
				CLANG_WARN_INT_CONVERSION = YES;
				CLANG_WARN_NON_LITERAL_NULL_CONVERSION = YES;
				CLANG_WARN_OBJC_IMPLICIT_RETAIN_SELF = YES;
				CLANG_WARN_OBJC_LITERAL_CONVERSION = YES;
				CLANG_WARN_OBJC_ROOT_CLASS = YES_ERROR;
				CLANG_WARN_QUOTED_INCLUDE_IN_FRAMEWORK_HEADER = YES;
				CLANG_WARN_RANGE_LOOP_ANALYSIS = YES;
				CLANG_WARN_STRICT_PROTOTYPES = YES;
				CLANG_WARN_SUSPICIOUS_MOVE = YES;
				CLANG_WARN_UNGUARDED_AVAILABILITY = YES_AGGRESSIVE;
				CLANG_WARN_UNREACHABLE_CODE = YES;
				CLANG_WARN__DUPLICATE_METHOD_MATCH = YES;
				COPY_PHASE_STRIP = NO;
				DEBUG_INFORMATION_FORMAT = dwarf;
				ENABLE_STRICT_OBJC_MSGSEND = YES;
				ENABLE_TESTABILITY = YES;
				ENABLE_USER_SCRIPT_SANDBOXING = NO;
				GCC_C_LANGUAGE_STANDARD = gnu17;
				GCC_DYNAMIC_NO_PIC = NO;
				GCC_NO_COMMON_BLOCKS = YES;
				GCC_OPTIMIZATION_LEVEL = 0;
				GCC_PREPROCESSOR_DEFINITIONS = (
					"DEBUG=1",
					"$(inherited)",
				);
				GCC_WARN_64_TO_32_BIT_CONVERSION = YES;
				GCC_WARN_ABOUT_RETURN_TYPE = YES_ERROR;
				GCC_WARN_UNDECLARED_SELECTOR = YES;
				GCC_WARN_UNINITIALIZED_AUTOS = YES_AGGRESSIVE;
				GCC_WARN_UNUSED_FUNCTION = YES;
				GCC_WARN_UNUSED_VARIABLE = YES;
				IPHONEOS_DEPLOYMENT_TARGET = 17.4;
				LOCALIZATION_PREFERS_STRING_CATALOGS = YES;
				MTL_ENABLE_DEBUG_INFO = INCLUDE_SOURCE;
				MTL_FAST_MATH = YES;
				ONLY_ACTIVE_ARCH = YES;
				SDKROOT = iphoneos;
				SWIFT_ACTIVE_COMPILATION_CONDITIONS = "DEBUG $(inherited)";
				SWIFT_OPTIMIZATION_LEVEL = "-Onone";
			};
			name = Debug;
		};
		D014B1132BE02846004196B6 /* Release */ = {
			isa = XCBuildConfiguration;
			buildSettings = {
				ALWAYS_SEARCH_USER_PATHS = NO;
				ASSETCATALOG_COMPILER_GENERATE_SWIFT_ASSET_SYMBOL_EXTENSIONS = YES;
				CLANG_ANALYZER_NONNULL = YES;
				CLANG_ANALYZER_NUMBER_OBJECT_CONVERSION = YES_AGGRESSIVE;
				CLANG_CXX_LANGUAGE_STANDARD = "gnu++20";
				CLANG_ENABLE_MODULES = YES;
				CLANG_ENABLE_OBJC_ARC = YES;
				CLANG_ENABLE_OBJC_WEAK = YES;
				CLANG_WARN_BLOCK_CAPTURE_AUTORELEASING = YES;
				CLANG_WARN_BOOL_CONVERSION = YES;
				CLANG_WARN_COMMA = YES;
				CLANG_WARN_CONSTANT_CONVERSION = YES;
				CLANG_WARN_DEPRECATED_OBJC_IMPLEMENTATIONS = YES;
				CLANG_WARN_DIRECT_OBJC_ISA_USAGE = YES_ERROR;
				CLANG_WARN_DOCUMENTATION_COMMENTS = YES;
				CLANG_WARN_EMPTY_BODY = YES;
				CLANG_WARN_ENUM_CONVERSION = YES;
				CLANG_WARN_INFINITE_RECURSION = YES;
				CLANG_WARN_INT_CONVERSION = YES;
				CLANG_WARN_NON_LITERAL_NULL_CONVERSION = YES;
				CLANG_WARN_OBJC_IMPLICIT_RETAIN_SELF = YES;
				CLANG_WARN_OBJC_LITERAL_CONVERSION = YES;
				CLANG_WARN_OBJC_ROOT_CLASS = YES_ERROR;
				CLANG_WARN_QUOTED_INCLUDE_IN_FRAMEWORK_HEADER = YES;
				CLANG_WARN_RANGE_LOOP_ANALYSIS = YES;
				CLANG_WARN_STRICT_PROTOTYPES = YES;
				CLANG_WARN_SUSPICIOUS_MOVE = YES;
				CLANG_WARN_UNGUARDED_AVAILABILITY = YES_AGGRESSIVE;
				CLANG_WARN_UNREACHABLE_CODE = YES;
				CLANG_WARN__DUPLICATE_METHOD_MATCH = YES;
				COPY_PHASE_STRIP = NO;
				DEBUG_INFORMATION_FORMAT = "dwarf-with-dsym";
				ENABLE_NS_ASSERTIONS = NO;
				ENABLE_STRICT_OBJC_MSGSEND = YES;
				ENABLE_USER_SCRIPT_SANDBOXING = NO;
				GCC_C_LANGUAGE_STANDARD = gnu17;
				GCC_NO_COMMON_BLOCKS = YES;
				GCC_WARN_64_TO_32_BIT_CONVERSION = YES;
				GCC_WARN_ABOUT_RETURN_TYPE = YES_ERROR;
				GCC_WARN_UNDECLARED_SELECTOR = YES;
				GCC_WARN_UNINITIALIZED_AUTOS = YES_AGGRESSIVE;
				GCC_WARN_UNUSED_FUNCTION = YES;
				GCC_WARN_UNUSED_VARIABLE = YES;
				IPHONEOS_DEPLOYMENT_TARGET = 17.4;
				LOCALIZATION_PREFERS_STRING_CATALOGS = YES;
				MTL_ENABLE_DEBUG_INFO = NO;
				MTL_FAST_MATH = YES;
				SDKROOT = iphoneos;
				SWIFT_COMPILATION_MODE = wholemodule;
				VALIDATE_PRODUCT = YES;
			};
			name = Release;
		};
		D014B1152BE02846004196B6 /* Debug */ = {
			isa = XCBuildConfiguration;
			baseConfigurationReference = C6EA69F4266DC572326D98D7 /* Pods-Messenger.debug.xcconfig */;
			buildSettings = {
				ASSETCATALOG_COMPILER_APPICON_NAME = AppIcon;
				ASSETCATALOG_COMPILER_GLOBAL_ACCENT_COLOR_NAME = AccentColor;
				CODE_SIGN_STYLE = Automatic;
				CURRENT_PROJECT_VERSION = 1;
				DEVELOPMENT_TEAM = Y63PN52S2N;
				GENERATE_INFOPLIST_FILE = YES;
				INFOPLIST_FILE = Messenger/Info.plist;
				INFOPLIST_KEY_UIApplicationSupportsIndirectInputEvents = YES;
				INFOPLIST_KEY_UILaunchStoryboardName = LaunchScreen;
				INFOPLIST_KEY_UIMainStoryboardFile = Main;
				INFOPLIST_KEY_UISupportedInterfaceOrientations = UIInterfaceOrientationPortrait;
				LD_RUNPATH_SEARCH_PATHS = (
					"$(inherited)",
					"@executable_path/Frameworks",
				);
				MARKETING_VERSION = 1.0;
				PRODUCT_BUNDLE_IDENTIFIER = com.AssanaliBatyrkhan.Messenger;
				PRODUCT_NAME = "$(TARGET_NAME)";
				SWIFT_EMIT_LOC_STRINGS = YES;
				SWIFT_VERSION = 5.0;
				TARGETED_DEVICE_FAMILY = "1,2";
			};
			name = Debug;
		};
		D014B1162BE02846004196B6 /* Release */ = {
			isa = XCBuildConfiguration;
			baseConfigurationReference = 5472931C0D5EB65DCD826233 /* Pods-Messenger.release.xcconfig */;
			buildSettings = {
				ASSETCATALOG_COMPILER_APPICON_NAME = AppIcon;
				ASSETCATALOG_COMPILER_GLOBAL_ACCENT_COLOR_NAME = AccentColor;
				CODE_SIGN_STYLE = Automatic;
				CURRENT_PROJECT_VERSION = 1;
				DEVELOPMENT_TEAM = Y63PN52S2N;
				GENERATE_INFOPLIST_FILE = YES;
				INFOPLIST_FILE = Messenger/Info.plist;
				INFOPLIST_KEY_UIApplicationSupportsIndirectInputEvents = YES;
				INFOPLIST_KEY_UILaunchStoryboardName = LaunchScreen;
				INFOPLIST_KEY_UIMainStoryboardFile = Main;
				INFOPLIST_KEY_UISupportedInterfaceOrientations = UIInterfaceOrientationPortrait;
				LD_RUNPATH_SEARCH_PATHS = (
					"$(inherited)",
					"@executable_path/Frameworks",
				);
				MARKETING_VERSION = 1.0;
				PRODUCT_BUNDLE_IDENTIFIER = com.AssanaliBatyrkhan.Messenger;
				PRODUCT_NAME = "$(TARGET_NAME)";
				SWIFT_EMIT_LOC_STRINGS = YES;
				SWIFT_VERSION = 5.0;
				TARGETED_DEVICE_FAMILY = "1,2";
			};
			name = Release;
		};
/* End XCBuildConfiguration section */

/* Begin XCConfigurationList section */
		D014B0FB2BE02844004196B6 /* Build configuration list for PBXProject "Messenger" */ = {
			isa = XCConfigurationList;
			buildConfigurations = (
				D014B1122BE02846004196B6 /* Debug */,
				D014B1132BE02846004196B6 /* Release */,
			);
			defaultConfigurationIsVisible = 0;
			defaultConfigurationName = Release;
		};
		D014B1142BE02846004196B6 /* Build configuration list for PBXNativeTarget "Messenger" */ = {
			isa = XCConfigurationList;
			buildConfigurations = (
				D014B1152BE02846004196B6 /* Debug */,
				D014B1162BE02846004196B6 /* Release */,
			);
			defaultConfigurationIsVisible = 0;
			defaultConfigurationName = Release;
		};
/* End XCConfigurationList section */
	};
	rootObject = D014B0F82BE02844004196B6 /* Project object */;
}
